// !$*UTF8*$!
{
	archiveVersion = 1;
	classes = {
	};
	objectVersion = 77;
	objects = {

/* Begin PBXBuildFile section */
		D6AD301C2D5E850000E4457F /* vnznSearchIntent.appex in Embed ExtensionKit Extensions */ = {isa = PBXBuildFile; fileRef = D6AD30132D5E850000E4457F /* vnznSearchIntent.appex */; settings = {ATTRIBUTES = (RemoveHeadersOnCopy, ); }; };
		D6BED3F62D399C04005BF55C /* WidgetKit.framework in Frameworks */ = {isa = PBXBuildFile; fileRef = D6BED3F52D399C03005BF55C /* WidgetKit.framework */; };
		D6BED3F82D399C04005BF55C /* SwiftUI.framework in Frameworks */ = {isa = PBXBuildFile; fileRef = D6BED3F72D399C04005BF55C /* SwiftUI.framework */; };
		D6BED4052D399C06005BF55C /* vnznWidgetExtension.appex in Embed Foundation Extensions */ = {isa = PBXBuildFile; fileRef = D6BED3F32D399C03005BF55C /* vnznWidgetExtension.appex */; settings = {ATTRIBUTES = (RemoveHeadersOnCopy, ); }; };
		D6C7A67B2EC0DD4F000B07EE /* AppIcon.icon in Resources */ = {isa = PBXBuildFile; fileRef = D6C7A67A2EC0DD4F000B07EE /* AppIcon.icon */; };
/* End PBXBuildFile section */

/* Begin PBXContainerItemProxy section */
		D604307D2CDFDD460073F921 /* PBXContainerItemProxy */ = {
			isa = PBXContainerItemProxy;
			containerPortal = D60430642CDFDD440073F921 /* Project object */;
			proxyType = 1;
			remoteGlobalIDString = D604306B2CDFDD440073F921;
			remoteInfo = vnzn;
		};
		D60430872CDFDD460073F921 /* PBXContainerItemProxy */ = {
			isa = PBXContainerItemProxy;
			containerPortal = D60430642CDFDD440073F921 /* Project object */;
			proxyType = 1;
			remoteGlobalIDString = D604306B2CDFDD440073F921;
			remoteInfo = vnzn;
		};
		D6AD301A2D5E850000E4457F /* PBXContainerItemProxy */ = {
			isa = PBXContainerItemProxy;
			containerPortal = D60430642CDFDD440073F921 /* Project object */;
			proxyType = 1;
			remoteGlobalIDString = D6AD30122D5E850000E4457F;
			remoteInfo = vnznSearchIntent;
		};
		D6BED4032D399C06005BF55C /* PBXContainerItemProxy */ = {
			isa = PBXContainerItemProxy;
			containerPortal = D60430642CDFDD440073F921 /* Project object */;
			proxyType = 1;
			remoteGlobalIDString = D6BED3F22D399C03005BF55C;
			remoteInfo = vnznWidgetExtension;
		};
/* End PBXContainerItemProxy section */

/* Begin PBXCopyFilesBuildPhase section */
		D6AD301D2D5E850000E4457F /* Embed ExtensionKit Extensions */ = {
			isa = PBXCopyFilesBuildPhase;
			buildActionMask = 2147483647;
			dstPath = "$(EXTENSIONS_FOLDER_PATH)";
			dstSubfolderSpec = 16;
			files = (
				D6AD301C2D5E850000E4457F /* vnznSearchIntent.appex in Embed ExtensionKit Extensions */,
			);
			name = "Embed ExtensionKit Extensions";
			runOnlyForDeploymentPostprocessing = 0;
		};
		D6BED4062D399C06005BF55C /* Embed Foundation Extensions */ = {
			isa = PBXCopyFilesBuildPhase;
			buildActionMask = 2147483647;
			dstPath = "";
			dstSubfolderSpec = 13;
			files = (
				D6BED4052D399C06005BF55C /* vnznWidgetExtension.appex in Embed Foundation Extensions */,
			);
			name = "Embed Foundation Extensions";
			runOnlyForDeploymentPostprocessing = 0;
		};
/* End PBXCopyFilesBuildPhase section */

/* Begin PBXFileReference section */
		D604306C2CDFDD440073F921 /* vnzn.app */ = {isa = PBXFileReference; explicitFileType = wrapper.application; includeInIndex = 0; path = vnzn.app; sourceTree = BUILT_PRODUCTS_DIR; };
		D604307C2CDFDD460073F921 /* vnznTests.xctest */ = {isa = PBXFileReference; explicitFileType = wrapper.cfbundle; includeInIndex = 0; path = vnznTests.xctest; sourceTree = BUILT_PRODUCTS_DIR; };
		D60430862CDFDD460073F921 /* vnznUITests.xctest */ = {isa = PBXFileReference; explicitFileType = wrapper.cfbundle; includeInIndex = 0; path = vnznUITests.xctest; sourceTree = BUILT_PRODUCTS_DIR; };
		D6AD30132D5E850000E4457F /* vnznSearchIntent.appex */ = {isa = PBXFileReference; explicitFileType = "wrapper.extensionkit-extension"; includeInIndex = 0; path = vnznSearchIntent.appex; sourceTree = BUILT_PRODUCTS_DIR; };
		D6BED3F32D399C03005BF55C /* vnznWidgetExtension.appex */ = {isa = PBXFileReference; explicitFileType = "wrapper.app-extension"; includeInIndex = 0; path = vnznWidgetExtension.appex; sourceTree = BUILT_PRODUCTS_DIR; };
		D6BED3F52D399C03005BF55C /* WidgetKit.framework */ = {isa = PBXFileReference; lastKnownFileType = wrapper.framework; name = WidgetKit.framework; path = System/Library/Frameworks/WidgetKit.framework; sourceTree = SDKROOT; };
		D6BED3F72D399C04005BF55C /* SwiftUI.framework */ = {isa = PBXFileReference; lastKnownFileType = wrapper.framework; name = SwiftUI.framework; path = System/Library/Frameworks/SwiftUI.framework; sourceTree = SDKROOT; };
		D6C7A67A2EC0DD4F000B07EE /* AppIcon.icon */ = {isa = PBXFileReference; lastKnownFileType = folder.iconcomposer.icon; path = AppIcon.icon; sourceTree = "<group>"; };
		D6C7C3222D4638AA001F7312 /* vnznWidgetExtension.entitlements */ = {isa = PBXFileReference; lastKnownFileType = text.plist.entitlements; path = vnznWidgetExtension.entitlements; sourceTree = "<group>"; };
/* End PBXFileReference section */

/* Begin PBXFileSystemSynchronizedBuildFileExceptionSet section */
		D65EDA322D5F401400954018 /* Exceptions for "vnznSearchIntent" folder in "vnzn" target */ = {
			isa = PBXFileSystemSynchronizedBuildFileExceptionSet;
			membershipExceptions = (
				vnznSearchIntent.swift,
			);
			target = D604306B2CDFDD440073F921 /* vnzn */;
		};
		D68E89932D5FA40900364698 /* Exceptions for "vnzn" folder in "vnzn" target */ = {
			isa = PBXFileSystemSynchronizedBuildFileExceptionSet;
			membershipExceptions = (
				Info.plist,
			);
			target = D604306B2CDFDD440073F921 /* vnzn */;
		};
		D6AD30202D5E850000E4457F /* Exceptions for "vnznSearchIntent" folder in "vnznSearchIntent" target */ = {
			isa = PBXFileSystemSynchronizedBuildFileExceptionSet;
			membershipExceptions = (
				Info.plist,
			);
			target = D6AD30122D5E850000E4457F /* vnznSearchIntent */;
		};
		D6BED4092D399C06005BF55C /* Exceptions for "vnznWidget" folder in "vnznWidgetExtension" target */ = {
			isa = PBXFileSystemSynchronizedBuildFileExceptionSet;
			membershipExceptions = (
				Info.plist,
			);
			target = D6BED3F22D399C03005BF55C /* vnznWidgetExtension */;
		};
		D6BED40C2D399DFE005BF55C /* Exceptions for "vnzn" folder in "vnznWidgetExtension" target */ = {
			isa = PBXFileSystemSynchronizedBuildFileExceptionSet;
			membershipExceptions = (
				Components/PostImage.swift,
				Extensions/DateExtension.swift,
				Extensions/LocaleExtension.swift,
				Extensions/NotificationExtension.swift,
				Markdown/FormatBuilder.swift,
				Markdown/MarkdownNode.swift,
				Markdown/MarkdownParser.swift,
				Markdown/MarkdownTokenizer.swift,
				Markdown/NodeParser.swift,
				Markdown/StringBuilder.swift,
				Model/HistoryItem.swift,
				Model/Post.swift,
				Model/RandomColors.swift,
				Model/SearchItem.swift,
				Model/Settings.swift,
				VnznEnv.swift,
			);
			target = D6BED3F22D399C03005BF55C /* vnznWidgetExtension */;
		};
/* End PBXFileSystemSynchronizedBuildFileExceptionSet section */

/* Begin PBXFileSystemSynchronizedRootGroup section */
		D604306E2CDFDD440073F921 /* vnzn */ = {
			isa = PBXFileSystemSynchronizedRootGroup;
			exceptions = (
				D68E89932D5FA40900364698 /* Exceptions for "vnzn" folder in "vnzn" target */,
				D6BED40C2D399DFE005BF55C /* Exceptions for "vnzn" folder in "vnznWidgetExtension" target */,
			);
			path = vnzn;
			sourceTree = "<group>";
		};
		D604307F2CDFDD460073F921 /* vnznTests */ = {
			isa = PBXFileSystemSynchronizedRootGroup;
			path = vnznTests;
			sourceTree = "<group>";
		};
		D60430892CDFDD460073F921 /* vnznUITests */ = {
			isa = PBXFileSystemSynchronizedRootGroup;
			path = vnznUITests;
			sourceTree = "<group>";
		};
		D6AD30142D5E850000E4457F /* vnznSearchIntent */ = {
			isa = PBXFileSystemSynchronizedRootGroup;
			exceptions = (
				D65EDA322D5F401400954018 /* Exceptions for "vnznSearchIntent" folder in "vnzn" target */,
				D6AD30202D5E850000E4457F /* Exceptions for "vnznSearchIntent" folder in "vnznSearchIntent" target */,
			);
			path = vnznSearchIntent;
			sourceTree = "<group>";
		};
		D6BED3F92D399C04005BF55C /* vnznWidget */ = {
			isa = PBXFileSystemSynchronizedRootGroup;
			exceptions = (
				D6BED4092D399C06005BF55C /* Exceptions for "vnznWidget" folder in "vnznWidgetExtension" target */,
			);
			path = vnznWidget;
			sourceTree = "<group>";
		};
/* End PBXFileSystemSynchronizedRootGroup section */

/* Begin PBXFrameworksBuildPhase section */
		D60430692CDFDD440073F921 /* Frameworks */ = {
			isa = PBXFrameworksBuildPhase;
			buildActionMask = 2147483647;
			files = (
			);
			runOnlyForDeploymentPostprocessing = 0;
		};
		D60430792CDFDD460073F921 /* Frameworks */ = {
			isa = PBXFrameworksBuildPhase;
			buildActionMask = 2147483647;
			files = (
			);
			runOnlyForDeploymentPostprocessing = 0;
		};
		D60430832CDFDD460073F921 /* Frameworks */ = {
			isa = PBXFrameworksBuildPhase;
			buildActionMask = 2147483647;
			files = (
			);
			runOnlyForDeploymentPostprocessing = 0;
		};
		D6AD30102D5E850000E4457F /* Frameworks */ = {
			isa = PBXFrameworksBuildPhase;
			buildActionMask = 2147483647;
			files = (
			);
			runOnlyForDeploymentPostprocessing = 0;
		};
		D6BED3F02D399C03005BF55C /* Frameworks */ = {
			isa = PBXFrameworksBuildPhase;
			buildActionMask = 2147483647;
			files = (
				D6BED3F82D399C04005BF55C /* SwiftUI.framework in Frameworks */,
				D6BED3F62D399C04005BF55C /* WidgetKit.framework in Frameworks */,
			);
			runOnlyForDeploymentPostprocessing = 0;
		};
/* End PBXFrameworksBuildPhase section */

/* Begin PBXGroup section */
		D60430632CDFDD440073F921 = {
			isa = PBXGroup;
			children = (
				D6C7A67A2EC0DD4F000B07EE /* AppIcon.icon */,
				D6C7C3222D4638AA001F7312 /* vnznWidgetExtension.entitlements */,
				D604306E2CDFDD440073F921 /* vnzn */,
				D604307F2CDFDD460073F921 /* vnznTests */,
				D60430892CDFDD460073F921 /* vnznUITests */,
				D6BED3F92D399C04005BF55C /* vnznWidget */,
				D6AD30142D5E850000E4457F /* vnznSearchIntent */,
				D6BED3F42D399C03005BF55C /* Frameworks */,
				D604306D2CDFDD440073F921 /* Products */,
			);
			sourceTree = "<group>";
		};
		D604306D2CDFDD440073F921 /* Products */ = {
			isa = PBXGroup;
			children = (
				D604306C2CDFDD440073F921 /* vnzn.app */,
				D604307C2CDFDD460073F921 /* vnznTests.xctest */,
				D60430862CDFDD460073F921 /* vnznUITests.xctest */,
				D6BED3F32D399C03005BF55C /* vnznWidgetExtension.appex */,
				D6AD30132D5E850000E4457F /* vnznSearchIntent.appex */,
			);
			name = Products;
			sourceTree = "<group>";
		};
		D6BED3F42D399C03005BF55C /* Frameworks */ = {
			isa = PBXGroup;
			children = (
				D6BED3F52D399C03005BF55C /* WidgetKit.framework */,
				D6BED3F72D399C04005BF55C /* SwiftUI.framework */,
			);
			name = Frameworks;
			sourceTree = "<group>";
		};
/* End PBXGroup section */

/* Begin PBXNativeTarget section */
		D604306B2CDFDD440073F921 /* vnzn */ = {
			isa = PBXNativeTarget;
			buildConfigurationList = D60430902CDFDD460073F921 /* Build configuration list for PBXNativeTarget "vnzn" */;
			buildPhases = (
				D60430682CDFDD440073F921 /* Sources */,
				D60430692CDFDD440073F921 /* Frameworks */,
				D604306A2CDFDD440073F921 /* Resources */,
				D6BED4062D399C06005BF55C /* Embed Foundation Extensions */,
				D6AD301D2D5E850000E4457F /* Embed ExtensionKit Extensions */,
			);
			buildRules = (
			);
			dependencies = (
				D6BED4042D399C06005BF55C /* PBXTargetDependency */,
				D6AD301B2D5E850000E4457F /* PBXTargetDependency */,
			);
			fileSystemSynchronizedGroups = (
				D604306E2CDFDD440073F921 /* vnzn */,
			);
			name = vnzn;
			packageProductDependencies = (
			);
			productName = vnzn;
			productReference = D604306C2CDFDD440073F921 /* vnzn.app */;
			productType = "com.apple.product-type.application";
		};
		D604307B2CDFDD460073F921 /* vnznTests */ = {
			isa = PBXNativeTarget;
			buildConfigurationList = D60430932CDFDD460073F921 /* Build configuration list for PBXNativeTarget "vnznTests" */;
			buildPhases = (
				D60430782CDFDD460073F921 /* Sources */,
				D60430792CDFDD460073F921 /* Frameworks */,
				D604307A2CDFDD460073F921 /* Resources */,
			);
			buildRules = (
			);
			dependencies = (
				D604307E2CDFDD460073F921 /* PBXTargetDependency */,
			);
			fileSystemSynchronizedGroups = (
				D604307F2CDFDD460073F921 /* vnznTests */,
			);
			name = vnznTests;
			packageProductDependencies = (
			);
			productName = vnznTests;
			productReference = D604307C2CDFDD460073F921 /* vnznTests.xctest */;
			productType = "com.apple.product-type.bundle.unit-test";
		};
		D60430852CDFDD460073F921 /* vnznUITests */ = {
			isa = PBXNativeTarget;
			buildConfigurationList = D60430962CDFDD460073F921 /* Build configuration list for PBXNativeTarget "vnznUITests" */;
			buildPhases = (
				D60430822CDFDD460073F921 /* Sources */,
				D60430832CDFDD460073F921 /* Frameworks */,
				D60430842CDFDD460073F921 /* Resources */,
			);
			buildRules = (
			);
			dependencies = (
				D60430882CDFDD460073F921 /* PBXTargetDependency */,
			);
			fileSystemSynchronizedGroups = (
				D60430892CDFDD460073F921 /* vnznUITests */,
			);
			name = vnznUITests;
			packageProductDependencies = (
			);
			productName = vnznUITests;
			productReference = D60430862CDFDD460073F921 /* vnznUITests.xctest */;
			productType = "com.apple.product-type.bundle.ui-testing";
		};
		D6AD30122D5E850000E4457F /* vnznSearchIntent */ = {
			isa = PBXNativeTarget;
			buildConfigurationList = D6AD30212D5E850000E4457F /* Build configuration list for PBXNativeTarget "vnznSearchIntent" */;
			buildPhases = (
				D6AD300F2D5E850000E4457F /* Sources */,
				D6AD30102D5E850000E4457F /* Frameworks */,
				D6AD30112D5E850000E4457F /* Resources */,
			);
			buildRules = (
			);
			dependencies = (
			);
			fileSystemSynchronizedGroups = (
				D6AD30142D5E850000E4457F /* vnznSearchIntent */,
			);
			name = vnznSearchIntent;
			packageProductDependencies = (
			);
			productName = vnznSearchIntent;
			productReference = D6AD30132D5E850000E4457F /* vnznSearchIntent.appex */;
			productType = "com.apple.product-type.extensionkit-extension";
		};
		D6BED3F22D399C03005BF55C /* vnznWidgetExtension */ = {
			isa = PBXNativeTarget;
			buildConfigurationList = D6BED40A2D399C06005BF55C /* Build configuration list for PBXNativeTarget "vnznWidgetExtension" */;
			buildPhases = (
				D6BED3EF2D399C03005BF55C /* Sources */,
				D6BED3F02D399C03005BF55C /* Frameworks */,
				D6BED3F12D399C03005BF55C /* Resources */,
			);
			buildRules = (
			);
			dependencies = (
			);
			fileSystemSynchronizedGroups = (
				D6BED3F92D399C04005BF55C /* vnznWidget */,
			);
			name = vnznWidgetExtension;
			packageProductDependencies = (
			);
			productName = vnznWidgetExtension;
			productReference = D6BED3F32D399C03005BF55C /* vnznWidgetExtension.appex */;
			productType = "com.apple.product-type.app-extension";
		};
/* End PBXNativeTarget section */

/* Begin PBXProject section */
		D60430642CDFDD440073F921 /* Project object */ = {
			isa = PBXProject;
			attributes = {
				BuildIndependentTargetsInParallel = 1;
				LastSwiftUpdateCheck = 1620;
				LastUpgradeCheck = 2600;
				TargetAttributes = {
					D604306B2CDFDD440073F921 = {
						CreatedOnToolsVersion = 16.1;
					};
					D604307B2CDFDD460073F921 = {
						CreatedOnToolsVersion = 16.1;
						TestTargetID = D604306B2CDFDD440073F921;
					};
					D60430852CDFDD460073F921 = {
						CreatedOnToolsVersion = 16.1;
						TestTargetID = D604306B2CDFDD440073F921;
					};
					D6AD30122D5E850000E4457F = {
						CreatedOnToolsVersion = 16.2;
					};
					D6BED3F22D399C03005BF55C = {
						CreatedOnToolsVersion = 16.2;
					};
				};
			};
			buildConfigurationList = D60430672CDFDD440073F921 /* Build configuration list for PBXProject "vnzn" */;
			developmentRegion = en;
			hasScannedForEncodings = 0;
			knownRegions = (
				en,
				Base,
				de,
			);
			mainGroup = D60430632CDFDD440073F921;
			minimizedProjectReferenceProxies = 1;
			preferredProjectObjectVersion = 77;
			productRefGroup = D604306D2CDFDD440073F921 /* Products */;
			projectDirPath = "";
			projectRoot = "";
			targets = (
				D604306B2CDFDD440073F921 /* vnzn */,
				D604307B2CDFDD460073F921 /* vnznTests */,
				D60430852CDFDD460073F921 /* vnznUITests */,
				D6BED3F22D399C03005BF55C /* vnznWidgetExtension */,
				D6AD30122D5E850000E4457F /* vnznSearchIntent */,
			);
		};
/* End PBXProject section */

/* Begin PBXResourcesBuildPhase section */
		D604306A2CDFDD440073F921 /* Resources */ = {
			isa = PBXResourcesBuildPhase;
			buildActionMask = 2147483647;
			files = (
				D6C7A67B2EC0DD4F000B07EE /* AppIcon.icon in Resources */,
			);
			runOnlyForDeploymentPostprocessing = 0;
		};
		D604307A2CDFDD460073F921 /* Resources */ = {
			isa = PBXResourcesBuildPhase;
			buildActionMask = 2147483647;
			files = (
			);
			runOnlyForDeploymentPostprocessing = 0;
		};
		D60430842CDFDD460073F921 /* Resources */ = {
			isa = PBXResourcesBuildPhase;
			buildActionMask = 2147483647;
			files = (
			);
			runOnlyForDeploymentPostprocessing = 0;
		};
		D6AD30112D5E850000E4457F /* Resources */ = {
			isa = PBXResourcesBuildPhase;
			buildActionMask = 2147483647;
			files = (
			);
			runOnlyForDeploymentPostprocessing = 0;
		};
		D6BED3F12D399C03005BF55C /* Resources */ = {
			isa = PBXResourcesBuildPhase;
			buildActionMask = 2147483647;
			files = (
			);
			runOnlyForDeploymentPostprocessing = 0;
		};
/* End PBXResourcesBuildPhase section */

/* Begin PBXSourcesBuildPhase section */
		D60430682CDFDD440073F921 /* Sources */ = {
			isa = PBXSourcesBuildPhase;
			buildActionMask = 2147483647;
			files = (
			);
			runOnlyForDeploymentPostprocessing = 0;
		};
		D60430782CDFDD460073F921 /* Sources */ = {
			isa = PBXSourcesBuildPhase;
			buildActionMask = 2147483647;
			files = (
			);
			runOnlyForDeploymentPostprocessing = 0;
		};
		D60430822CDFDD460073F921 /* Sources */ = {
			isa = PBXSourcesBuildPhase;
			buildActionMask = 2147483647;
			files = (
			);
			runOnlyForDeploymentPostprocessing = 0;
		};
		D6AD300F2D5E850000E4457F /* Sources */ = {
			isa = PBXSourcesBuildPhase;
			buildActionMask = 2147483647;
			files = (
			);
			runOnlyForDeploymentPostprocessing = 0;
		};
		D6BED3EF2D399C03005BF55C /* Sources */ = {
			isa = PBXSourcesBuildPhase;
			buildActionMask = 2147483647;
			files = (
			);
			runOnlyForDeploymentPostprocessing = 0;
		};
/* End PBXSourcesBuildPhase section */

/* Begin PBXTargetDependency section */
		D604307E2CDFDD460073F921 /* PBXTargetDependency */ = {
			isa = PBXTargetDependency;
			target = D604306B2CDFDD440073F921 /* vnzn */;
			targetProxy = D604307D2CDFDD460073F921 /* PBXContainerItemProxy */;
		};
		D60430882CDFDD460073F921 /* PBXTargetDependency */ = {
			isa = PBXTargetDependency;
			target = D604306B2CDFDD440073F921 /* vnzn */;
			targetProxy = D60430872CDFDD460073F921 /* PBXContainerItemProxy */;
		};
		D6AD301B2D5E850000E4457F /* PBXTargetDependency */ = {
			isa = PBXTargetDependency;
			target = D6AD30122D5E850000E4457F /* vnznSearchIntent */;
			targetProxy = D6AD301A2D5E850000E4457F /* PBXContainerItemProxy */;
		};
		D6BED4042D399C06005BF55C /* PBXTargetDependency */ = {
			isa = PBXTargetDependency;
			target = D6BED3F22D399C03005BF55C /* vnznWidgetExtension */;
			targetProxy = D6BED4032D399C06005BF55C /* PBXContainerItemProxy */;
		};
/* End PBXTargetDependency section */

/* Begin XCBuildConfiguration section */
		D604308E2CDFDD460073F921 /* Debug */ = {
			isa = XCBuildConfiguration;
			buildSettings = {
				ALWAYS_SEARCH_USER_PATHS = NO;
				ASSETCATALOG_COMPILER_GENERATE_SWIFT_ASSET_SYMBOL_EXTENSIONS = YES;
				CLANG_ANALYZER_LOCALIZABILITY_NONLOCALIZED = YES;
				CLANG_ANALYZER_NONNULL = YES;
				CLANG_ANALYZER_NUMBER_OBJECT_CONVERSION = YES_AGGRESSIVE;
				CLANG_CXX_LANGUAGE_STANDARD = "gnu++20";
				CLANG_ENABLE_MODULES = YES;
				CLANG_ENABLE_OBJC_ARC = YES;
				CLANG_ENABLE_OBJC_WEAK = YES;
				CLANG_WARN_BLOCK_CAPTURE_AUTORELEASING = YES;
				CLANG_WARN_BOOL_CONVERSION = YES;
				CLANG_WARN_COMMA = YES;
				CLANG_WARN_CONSTANT_CONVERSION = YES;
				CLANG_WARN_DEPRECATED_OBJC_IMPLEMENTATIONS = YES;
				CLANG_WARN_DIRECT_OBJC_ISA_USAGE = YES_ERROR;
				CLANG_WARN_DOCUMENTATION_COMMENTS = YES;
				CLANG_WARN_EMPTY_BODY = YES;
				CLANG_WARN_ENUM_CONVERSION = YES;
				CLANG_WARN_INFINITE_RECURSION = YES;
				CLANG_WARN_INT_CONVERSION = YES;
				CLANG_WARN_NON_LITERAL_NULL_CONVERSION = YES;
				CLANG_WARN_OBJC_IMPLICIT_RETAIN_SELF = YES;
				CLANG_WARN_OBJC_LITERAL_CONVERSION = YES;
				CLANG_WARN_OBJC_ROOT_CLASS = YES_ERROR;
				CLANG_WARN_QUOTED_INCLUDE_IN_FRAMEWORK_HEADER = YES;
				CLANG_WARN_RANGE_LOOP_ANALYSIS = YES;
				CLANG_WARN_STRICT_PROTOTYPES = YES;
				CLANG_WARN_SUSPICIOUS_MOVE = YES;
				CLANG_WARN_UNGUARDED_AVAILABILITY = YES_AGGRESSIVE;
				CLANG_WARN_UNREACHABLE_CODE = YES;
				CLANG_WARN__DUPLICATE_METHOD_MATCH = YES;
				COPY_PHASE_STRIP = NO;
				DEBUG_INFORMATION_FORMAT = dwarf;
				DEVELOPMENT_TEAM = ELG2TXRCNZ;
				ENABLE_STRICT_OBJC_MSGSEND = YES;
				ENABLE_TESTABILITY = YES;
				ENABLE_USER_SCRIPT_SANDBOXING = YES;
				GCC_C_LANGUAGE_STANDARD = gnu17;
				GCC_DYNAMIC_NO_PIC = NO;
				GCC_NO_COMMON_BLOCKS = YES;
				GCC_OPTIMIZATION_LEVEL = 0;
				GCC_PREPROCESSOR_DEFINITIONS = (
					"DEBUG=1",
					"$(inherited)",
				);
				GCC_WARN_64_TO_32_BIT_CONVERSION = YES;
				GCC_WARN_ABOUT_RETURN_TYPE = YES_ERROR;
				GCC_WARN_UNDECLARED_SELECTOR = YES;
				GCC_WARN_UNINITIALIZED_AUTOS = YES_AGGRESSIVE;
				GCC_WARN_UNUSED_FUNCTION = YES;
				GCC_WARN_UNUSED_VARIABLE = YES;
				IPHONEOS_DEPLOYMENT_TARGET = 18.1;
				LOCALIZATION_PREFERS_STRING_CATALOGS = YES;
				MTL_ENABLE_DEBUG_INFO = INCLUDE_SOURCE;
				MTL_FAST_MATH = YES;
				ONLY_ACTIVE_ARCH = YES;
				SDKROOT = iphoneos;
				STRING_CATALOG_GENERATE_SYMBOLS = YES;
				SWIFT_ACTIVE_COMPILATION_CONDITIONS = "DEBUG $(inherited)";
				SWIFT_EMIT_LOC_STRINGS = YES;
				SWIFT_OPTIMIZATION_LEVEL = "-Onone";
				SWIFT_VERSION = 6.0;
			};
			name = Debug;
		};
		D604308F2CDFDD460073F921 /* Release */ = {
			isa = XCBuildConfiguration;
			buildSettings = {
				ALWAYS_SEARCH_USER_PATHS = NO;
				ASSETCATALOG_COMPILER_GENERATE_SWIFT_ASSET_SYMBOL_EXTENSIONS = YES;
				CLANG_ANALYZER_LOCALIZABILITY_NONLOCALIZED = YES;
				CLANG_ANALYZER_NONNULL = YES;
				CLANG_ANALYZER_NUMBER_OBJECT_CONVERSION = YES_AGGRESSIVE;
				CLANG_CXX_LANGUAGE_STANDARD = "gnu++20";
				CLANG_ENABLE_MODULES = YES;
				CLANG_ENABLE_OBJC_ARC = YES;
				CLANG_ENABLE_OBJC_WEAK = YES;
				CLANG_WARN_BLOCK_CAPTURE_AUTORELEASING = YES;
				CLANG_WARN_BOOL_CONVERSION = YES;
				CLANG_WARN_COMMA = YES;
				CLANG_WARN_CONSTANT_CONVERSION = YES;
				CLANG_WARN_DEPRECATED_OBJC_IMPLEMENTATIONS = YES;
				CLANG_WARN_DIRECT_OBJC_ISA_USAGE = YES_ERROR;
				CLANG_WARN_DOCUMENTATION_COMMENTS = YES;
				CLANG_WARN_EMPTY_BODY = YES;
				CLANG_WARN_ENUM_CONVERSION = YES;
				CLANG_WARN_INFINITE_RECURSION = YES;
				CLANG_WARN_INT_CONVERSION = YES;
				CLANG_WARN_NON_LITERAL_NULL_CONVERSION = YES;
				CLANG_WARN_OBJC_IMPLICIT_RETAIN_SELF = YES;
				CLANG_WARN_OBJC_LITERAL_CONVERSION = YES;
				CLANG_WARN_OBJC_ROOT_CLASS = YES_ERROR;
				CLANG_WARN_QUOTED_INCLUDE_IN_FRAMEWORK_HEADER = YES;
				CLANG_WARN_RANGE_LOOP_ANALYSIS = YES;
				CLANG_WARN_STRICT_PROTOTYPES = YES;
				CLANG_WARN_SUSPICIOUS_MOVE = YES;
				CLANG_WARN_UNGUARDED_AVAILABILITY = YES_AGGRESSIVE;
				CLANG_WARN_UNREACHABLE_CODE = YES;
				CLANG_WARN__DUPLICATE_METHOD_MATCH = YES;
				COPY_PHASE_STRIP = NO;
				DEBUG_INFORMATION_FORMAT = "dwarf-with-dsym";
				DEVELOPMENT_TEAM = ELG2TXRCNZ;
				ENABLE_NS_ASSERTIONS = NO;
				ENABLE_STRICT_OBJC_MSGSEND = YES;
				ENABLE_USER_SCRIPT_SANDBOXING = YES;
				GCC_C_LANGUAGE_STANDARD = gnu17;
				GCC_NO_COMMON_BLOCKS = YES;
				GCC_WARN_64_TO_32_BIT_CONVERSION = YES;
				GCC_WARN_ABOUT_RETURN_TYPE = YES_ERROR;
				GCC_WARN_UNDECLARED_SELECTOR = YES;
				GCC_WARN_UNINITIALIZED_AUTOS = YES_AGGRESSIVE;
				GCC_WARN_UNUSED_FUNCTION = YES;
				GCC_WARN_UNUSED_VARIABLE = YES;
				IPHONEOS_DEPLOYMENT_TARGET = 18.1;
				LOCALIZATION_PREFERS_STRING_CATALOGS = YES;
				MTL_ENABLE_DEBUG_INFO = NO;
				MTL_FAST_MATH = YES;
				SDKROOT = iphoneos;
				STRING_CATALOG_GENERATE_SYMBOLS = YES;
				SWIFT_COMPILATION_MODE = wholemodule;
				SWIFT_EMIT_LOC_STRINGS = YES;
				SWIFT_VERSION = 6.0;
				VALIDATE_PRODUCT = YES;
			};
			name = Release;
		};
		D60430912CDFDD460073F921 /* Debug */ = {
			isa = XCBuildConfiguration;
			buildSettings = {
				ASSETCATALOG_COMPILER_APPICON_NAME = AppIcon;
				ASSETCATALOG_COMPILER_GLOBAL_ACCENT_COLOR_NAME = AccentColor;
				CODE_SIGN_ENTITLEMENTS = vnzn/vnzn.entitlements;
				CODE_SIGN_STYLE = Automatic;
				CURRENT_PROJECT_VERSION = 1;
				DEVELOPMENT_ASSET_PATHS = "\"vnzn/Preview Content\"";
				ENABLE_PREVIEWS = YES;
				GENERATE_INFOPLIST_FILE = YES;
				INFOPLIST_FILE = vnzn/Info.plist;
				INFOPLIST_KEY_UIApplicationSceneManifest_Generation = YES;
				INFOPLIST_KEY_UIApplicationSupportsIndirectInputEvents = YES;
				INFOPLIST_KEY_UILaunchScreen_Generation = YES;
				INFOPLIST_KEY_UISupportedInterfaceOrientations_iPad = "UIInterfaceOrientationPortrait UIInterfaceOrientationPortraitUpsideDown UIInterfaceOrientationLandscapeLeft UIInterfaceOrientationLandscapeRight";
				INFOPLIST_KEY_UISupportedInterfaceOrientations_iPhone = "UIInterfaceOrientationPortrait UIInterfaceOrientationLandscapeLeft UIInterfaceOrientationLandscapeRight";
				IPHONEOS_DEPLOYMENT_TARGET = 26.0;
				LD_RUNPATH_SEARCH_PATHS = (
					"$(inherited)",
					"@executable_path/Frameworks",
				);
				MARKETING_VERSION = 1.0.0;
				PRODUCT_BUNDLE_IDENTIFIER = de.vnzn.vnzn;
				PRODUCT_NAME = "$(TARGET_NAME)";
				SWIFT_APPROACHABLE_CONCURRENCY = YES;
				SWIFT_DEFAULT_ACTOR_ISOLATION = MainActor;
				SWIFT_EMIT_LOC_STRINGS = YES;
				SWIFT_STRICT_CONCURRENCY = complete;
				SWIFT_VERSION = 6.0;
				TARGETED_DEVICE_FAMILY = "1,2";
			};
			name = Debug;
		};
		D60430922CDFDD460073F921 /* Release */ = {
			isa = XCBuildConfiguration;
			buildSettings = {
				ASSETCATALOG_COMPILER_APPICON_NAME = AppIcon;
				ASSETCATALOG_COMPILER_GLOBAL_ACCENT_COLOR_NAME = AccentColor;
				CODE_SIGN_ENTITLEMENTS = vnzn/vnzn.entitlements;
				CODE_SIGN_STYLE = Automatic;
				CURRENT_PROJECT_VERSION = 1;
				DEVELOPMENT_ASSET_PATHS = "\"vnzn/Preview Content\"";
				ENABLE_PREVIEWS = YES;
				GENERATE_INFOPLIST_FILE = YES;
				INFOPLIST_FILE = vnzn/Info.plist;
				INFOPLIST_KEY_UIApplicationSceneManifest_Generation = YES;
				INFOPLIST_KEY_UIApplicationSupportsIndirectInputEvents = YES;
				INFOPLIST_KEY_UILaunchScreen_Generation = YES;
				INFOPLIST_KEY_UISupportedInterfaceOrientations_iPad = "UIInterfaceOrientationPortrait UIInterfaceOrientationPortraitUpsideDown UIInterfaceOrientationLandscapeLeft UIInterfaceOrientationLandscapeRight";
				INFOPLIST_KEY_UISupportedInterfaceOrientations_iPhone = "UIInterfaceOrientationPortrait UIInterfaceOrientationLandscapeLeft UIInterfaceOrientationLandscapeRight";
				IPHONEOS_DEPLOYMENT_TARGET = 26.0;
				LD_RUNPATH_SEARCH_PATHS = (
					"$(inherited)",
					"@executable_path/Frameworks",
				);
				MARKETING_VERSION = 1.0.0;
				PRODUCT_BUNDLE_IDENTIFIER = de.vnzn.vnzn;
				PRODUCT_NAME = "$(TARGET_NAME)";
				SWIFT_APPROACHABLE_CONCURRENCY = YES;
				SWIFT_DEFAULT_ACTOR_ISOLATION = MainActor;
				SWIFT_EMIT_LOC_STRINGS = YES;
				SWIFT_STRICT_CONCURRENCY = complete;
				SWIFT_VERSION = 6.0;
				TARGETED_DEVICE_FAMILY = "1,2";
			};
			name = Release;
		};
		D60430942CDFDD460073F921 /* Debug */ = {
			isa = XCBuildConfiguration;
			buildSettings = {
				BUNDLE_LOADER = "$(TEST_HOST)";
				CODE_SIGN_STYLE = Automatic;
				CURRENT_PROJECT_VERSION = 1;
				GENERATE_INFOPLIST_FILE = YES;
				IPHONEOS_DEPLOYMENT_TARGET = 26.0;
				MARKETING_VERSION = 1.0;
				PRODUCT_BUNDLE_IDENTIFIER = de.vnzn.vnznTests;
				PRODUCT_NAME = "$(TARGET_NAME)";
				SWIFT_EMIT_LOC_STRINGS = NO;
				SWIFT_VERSION = 5.0;
				TARGETED_DEVICE_FAMILY = "1,2";
				TEST_HOST = "$(BUILT_PRODUCTS_DIR)/vnzn.app/$(BUNDLE_EXECUTABLE_FOLDER_PATH)/vnzn";
			};
			name = Debug;
		};
		D60430952CDFDD460073F921 /* Release */ = {
			isa = XCBuildConfiguration;
			buildSettings = {
				BUNDLE_LOADER = "$(TEST_HOST)";
				CODE_SIGN_STYLE = Automatic;
				CURRENT_PROJECT_VERSION = 1;
				GENERATE_INFOPLIST_FILE = YES;
				IPHONEOS_DEPLOYMENT_TARGET = 26.0;
				MARKETING_VERSION = 1.0;
				PRODUCT_BUNDLE_IDENTIFIER = de.vnzn.vnznTests;
				PRODUCT_NAME = "$(TARGET_NAME)";
				SWIFT_EMIT_LOC_STRINGS = NO;
				SWIFT_VERSION = 5.0;
				TARGETED_DEVICE_FAMILY = "1,2";
				TEST_HOST = "$(BUILT_PRODUCTS_DIR)/vnzn.app/$(BUNDLE_EXECUTABLE_FOLDER_PATH)/vnzn";
			};
			name = Release;
		};
		D60430972CDFDD460073F921 /* Debug */ = {
			isa = XCBuildConfiguration;
			buildSettings = {
				CODE_SIGN_STYLE = Automatic;
				CURRENT_PROJECT_VERSION = 1;
				GENERATE_INFOPLIST_FILE = YES;
				MARKETING_VERSION = 1.0;
				PRODUCT_BUNDLE_IDENTIFIER = de.vnzn.vnznUITests;
				PRODUCT_NAME = "$(TARGET_NAME)";
				SWIFT_EMIT_LOC_STRINGS = NO;
				SWIFT_VERSION = 5.0;
				TARGETED_DEVICE_FAMILY = "1,2";
				TEST_TARGET_NAME = vnzn;
			};
			name = Debug;
		};
		D60430982CDFDD460073F921 /* Release */ = {
			isa = XCBuildConfiguration;
			buildSettings = {
				CODE_SIGN_STYLE = Automatic;
				CURRENT_PROJECT_VERSION = 1;
				GENERATE_INFOPLIST_FILE = YES;
				MARKETING_VERSION = 1.0;
				PRODUCT_BUNDLE_IDENTIFIER = de.vnzn.vnznUITests;
				PRODUCT_NAME = "$(TARGET_NAME)";
				SWIFT_EMIT_LOC_STRINGS = NO;
				SWIFT_VERSION = 5.0;
				TARGETED_DEVICE_FAMILY = "1,2";
				TEST_TARGET_NAME = vnzn;
			};
			name = Release;
		};
		D6AD301E2D5E850000E4457F /* Debug */ = {
			isa = XCBuildConfiguration;
			buildSettings = {
				CODE_SIGN_STYLE = Automatic;
				CURRENT_PROJECT_VERSION = 1;
				GENERATE_INFOPLIST_FILE = YES;
				INFOPLIST_FILE = vnznSearchIntent/Info.plist;
				INFOPLIST_KEY_CFBundleDisplayName = vnznSearchIntent;
				INFOPLIST_KEY_NSHumanReadableCopyright = "";
				IPHONEOS_DEPLOYMENT_TARGET = 18.2;
				LD_RUNPATH_SEARCH_PATHS = (
					"$(inherited)",
					"@executable_path/Frameworks",
					"@executable_path/../../Frameworks",
				);
				MARKETING_VERSION = 1.0.0;
				PRODUCT_BUNDLE_IDENTIFIER = de.vnzn.vnzn.vnznSearchIntent;
				PRODUCT_NAME = "$(TARGET_NAME)";
				SKIP_INSTALL = YES;
				SWIFT_EMIT_LOC_STRINGS = YES;
				SWIFT_VERSION = 5.0;
				TARGETED_DEVICE_FAMILY = "1,2";
			};
			name = Debug;
		};
		D6AD301F2D5E850000E4457F /* Release */ = {
			isa = XCBuildConfiguration;
			buildSettings = {
				CODE_SIGN_STYLE = Automatic;
				CURRENT_PROJECT_VERSION = 1;
				GENERATE_INFOPLIST_FILE = YES;
				INFOPLIST_FILE = vnznSearchIntent/Info.plist;
				INFOPLIST_KEY_CFBundleDisplayName = vnznSearchIntent;
				INFOPLIST_KEY_NSHumanReadableCopyright = "";
				IPHONEOS_DEPLOYMENT_TARGET = 18.2;
				LD_RUNPATH_SEARCH_PATHS = (
					"$(inherited)",
					"@executable_path/Frameworks",
					"@executable_path/../../Frameworks",
				);
				MARKETING_VERSION = 1.0.0;
				PRODUCT_BUNDLE_IDENTIFIER = de.vnzn.vnzn.vnznSearchIntent;
				PRODUCT_NAME = "$(TARGET_NAME)";
				SKIP_INSTALL = YES;
				SWIFT_EMIT_LOC_STRINGS = YES;
				SWIFT_VERSION = 5.0;
				TARGETED_DEVICE_FAMILY = "1,2";
			};
			name = Release;
		};
		D6BED4072D399C06005BF55C /* Debug */ = {
			isa = XCBuildConfiguration;
			buildSettings = {
				ASSETCATALOG_COMPILER_GLOBAL_ACCENT_COLOR_NAME = AccentColor;
				ASSETCATALOG_COMPILER_WIDGET_BACKGROUND_COLOR_NAME = WidgetBackground;
				CODE_SIGN_ENTITLEMENTS = vnznWidgetExtension.entitlements;
				CODE_SIGN_STYLE = Automatic;
				CURRENT_PROJECT_VERSION = 1;
				GENERATE_INFOPLIST_FILE = YES;
				INFOPLIST_FILE = vnznWidget/Info.plist;
				INFOPLIST_KEY_CFBundleDisplayName = vnznWidget;
				INFOPLIST_KEY_NSHumanReadableCopyright = "";
				IPHONEOS_DEPLOYMENT_TARGET = 18.2;
				LD_RUNPATH_SEARCH_PATHS = (
					"$(inherited)",
					"@executable_path/Frameworks",
					"@executable_path/../../Frameworks",
				);
				MARKETING_VERSION = 1.0.0;
				PRODUCT_BUNDLE_IDENTIFIER = de.vnzn.vnzn.vnznWidget;
				PRODUCT_NAME = "$(TARGET_NAME)";
				SKIP_INSTALL = YES;
				SWIFT_EMIT_LOC_STRINGS = YES;
				SWIFT_VERSION = 5.0;
				TARGETED_DEVICE_FAMILY = "1,2";
			};
			name = Debug;
		};
		D6BED4082D399C06005BF55C /* Release */ = {
			isa = XCBuildConfiguration;
			buildSettings = {
				ASSETCATALOG_COMPILER_GLOBAL_ACCENT_COLOR_NAME = AccentColor;
				ASSETCATALOG_COMPILER_WIDGET_BACKGROUND_COLOR_NAME = WidgetBackground;
				CODE_SIGN_ENTITLEMENTS = vnznWidgetExtension.entitlements;
				CODE_SIGN_STYLE = Automatic;
				CURRENT_PROJECT_VERSION = 1;
				GENERATE_INFOPLIST_FILE = YES;
				INFOPLIST_FILE = vnznWidget/Info.plist;
				INFOPLIST_KEY_CFBundleDisplayName = vnznWidget;
				INFOPLIST_KEY_NSHumanReadableCopyright = "";
				IPHONEOS_DEPLOYMENT_TARGET = 18.2;
				LD_RUNPATH_SEARCH_PATHS = (
					"$(inherited)",
					"@executable_path/Frameworks",
					"@executable_path/../../Frameworks",
				);
				MARKETING_VERSION = 1.0.0;
				PRODUCT_BUNDLE_IDENTIFIER = de.vnzn.vnzn.vnznWidget;
				PRODUCT_NAME = "$(TARGET_NAME)";
				SKIP_INSTALL = YES;
				SWIFT_EMIT_LOC_STRINGS = YES;
				SWIFT_VERSION = 5.0;
				TARGETED_DEVICE_FAMILY = "1,2";
			};
			name = Release;
		};
/* End XCBuildConfiguration section */

/* Begin XCConfigurationList section */
		D60430672CDFDD440073F921 /* Build configuration list for PBXProject "vnzn" */ = {
			isa = XCConfigurationList;
			buildConfigurations = (
				D604308E2CDFDD460073F921 /* Debug */,
				D604308F2CDFDD460073F921 /* Release */,
			);
			defaultConfigurationIsVisible = 0;
			defaultConfigurationName = Release;
		};
		D60430902CDFDD460073F921 /* Build configuration list for PBXNativeTarget "vnzn" */ = {
			isa = XCConfigurationList;
			buildConfigurations = (
				D60430912CDFDD460073F921 /* Debug */,
				D60430922CDFDD460073F921 /* Release */,
			);
			defaultConfigurationIsVisible = 0;
			defaultConfigurationName = Release;
		};
		D60430932CDFDD460073F921 /* Build configuration list for PBXNativeTarget "vnznTests" */ = {
			isa = XCConfigurationList;
			buildConfigurations = (
				D60430942CDFDD460073F921 /* Debug */,
				D60430952CDFDD460073F921 /* Release */,
			);
			defaultConfigurationIsVisible = 0;
			defaultConfigurationName = Release;
		};
		D60430962CDFDD460073F921 /* Build configuration list for PBXNativeTarget "vnznUITests" */ = {
			isa = XCConfigurationList;
			buildConfigurations = (
				D60430972CDFDD460073F921 /* Debug */,
				D60430982CDFDD460073F921 /* Release */,
			);
			defaultConfigurationIsVisible = 0;
			defaultConfigurationName = Release;
		};
		D6AD30212D5E850000E4457F /* Build configuration list for PBXNativeTarget "vnznSearchIntent" */ = {
			isa = XCConfigurationList;
			buildConfigurations = (
				D6AD301E2D5E850000E4457F /* Debug */,
				D6AD301F2D5E850000E4457F /* Release */,
			);
			defaultConfigurationIsVisible = 0;
			defaultConfigurationName = Release;
		};
		D6BED40A2D399C06005BF55C /* Build configuration list for PBXNativeTarget "vnznWidgetExtension" */ = {
			isa = XCConfigurationList;
			buildConfigurations = (
				D6BED4072D399C06005BF55C /* Debug */,
				D6BED4082D399C06005BF55C /* Release */,
			);
			defaultConfigurationIsVisible = 0;
			defaultConfigurationName = Release;
		};
/* End XCConfigurationList section */
	};
	rootObject = D60430642CDFDD440073F921 /* Project object */;
}
